
Microsoft Visual Studio Solution File, Format Version 12.00
# Visual Studio 15
VisualStudioVersion = 15.0.26403.0
MinimumVisualStudioVersion = 10.0.40219.1
Project("{9A19103F-16F7-4668-BE54-9A1E7A4F7556}") = "IPInfo.NET", "IPInfo.NET\IPInfo.NET.csproj", "{7146C344-E9A0-40A4-B1FE-E6818D30F1E0}"
EndProject
Project("{FAE04EC0-301F-11D3-BF4B-00C04F79EFBC}") = "IPInfo.NET.Sample", "IPInfo.NET.Sample\IPInfo.NET.Sample.csproj", "{0A448C6C-0294-430B-8E62-BF20033199A9}"
EndProject
Global
	GlobalSection(SolutionConfigurationPlatforms) = preSolution
		Debug|Any CPU = Debug|Any CPU
		Release|Any CPU = Release|Any CPU
	EndGlobalSection
	GlobalSection(ProjectConfigurationPlatforms) = postSolution
		{7146C344-E9A0-40A4-B1FE-E6818D30F1E0}.Debug|Any CPU.ActiveCfg = Debug|Any CPU
		{7146C344-E9A0-40A4-B1FE-E6818D30F1E0}.Debug|Any CPU.Build.0 = Debug|Any CPU
		{7146C344-E9A0-40A4-B1FE-E6818D30F1E0}.Release|Any CPU.ActiveCfg = Release|Any CPU
		{7146C344-E9A0-40A4-B1FE-E6818D30F1E0}.Release|Any CPU.Build.0 = Release|Any CPU
		{0A448C6C-0294-430B-8E62-BF20033199A9}.Debug|Any CPU.ActiveCfg = Debug|Any CPU
		{0A448C6C-0294-430B-8E62-BF20033199A9}.Debug|Any CPU.Build.0 = Debug|Any CPU
		{0A448C6C-0294-430B-8E62-BF20033199A9}.Release|Any CPU.ActiveCfg = Release|Any CPU
		{0A448C6C-0294-430B-8E62-BF20033199A9}.Release|Any CPU.Build.0 = Release|Any CPU
	EndGlobalSection
	GlobalSection(SolutionProperties) = preSolution
		HideSolutionNode = FALSE
	EndGlobalSection
	GlobalSection(ExtensibilityGlobals) = postSolution
		SolutionGuid = {DC2B9B52-84BD-4484-9ED4-D11C8544D2AA}
	EndGlobalSection
EndGlobal
